<?xml version="1.0" encoding="UTF-8" standalone="yes" ?>
<CodeBlocks_project_file>
	<FileVersion major="1" minor="6" />
	<Project>
		<Option title="Tema 7" />
		<Option pch_mode="2" />
		<Option compiler="gcc" />
		<Build>
			<Target title="Debug">
				<Option output="bin/Debug/Tema 7" prefix_auto="1" extension_auto="1" />
				<Option object_output="obj/Debug/" />
				<Option type="1" />
				<Option compiler="gcc" />
				<Compiler>
					<Add option="-g" />
				</Compiler>
			</Target>
			<Target title="Release">
				<Option output="bin/Release/Tema 7" prefix_auto="1" extension_auto="1" />
				<Option object_output="obj/Release/" />
				<Option type="1" />
				<Option compiler="gcc" />
				<Compiler>
					<Add option="-O2" />
				</Compiler>
				<Linker>
					<Add option="-s" />
				</Linker>
			</Target>
		</Build>
		<Compiler>
			<Add option="-Wall" />
			<Add option="-fexceptions" />
		</Compiler>
		<Unit filename="Actor.cpp" />
		<Unit filename="Actor.h" />
		<Unit filename="Actor_principal.cpp" />
		<Unit filename="Actor_principal.h" />
		<Unit filename="Film.cpp" />
		<Unit filename="Film.h" />
		<Unit filename="Firma_de_distributie.cpp" />
		<Unit filename="Firma_de_distributie.h" />
		<Unit filename="Interfata.h" />
		<Unit filename="One_man_show.h" />
		<Unit filename="Personal.cpp" />
		<Unit filename="Personal.h" />
		<Unit filename="Regizor.cpp" />
		<Unit filename="Regizor.h" />
		<Unit filename="Untitled1" />
		<Unit filename="Vector.h" />
		<Unit filename="main.cpp" />
		<Unit filename="myexception.h" />
		<Extensions>
			<code_completion />
			<envvars />
			<debugger />
		</Extensions>
	</Project>
</CodeBlocks_project_file>
